
Microsoft Visual Studio Solution File, Format Version 12.00
# Visual Studio 2012
Project("{FAE04EC0-301F-11D3-BF4B-00C04F79EFBC}") = "PaypalSdkDroid", "PaypalSdkDroid\PaypalSdkDroid.csproj", "{4A7DA0EA-9408-4DAA-BCB6-8D9CCCAF9E27}"
EndProject
Project("{FAE04EC0-301F-11D3-BF4B-00C04F79EFBC}") = "SamplePaypalSdkDroid", "SamplePaypalSdkDroid\SamplePaypalSdkDroid.csproj", "{35CCE245-7F39-4DC7-9296-17F8ABB428F9}"
EndProject
Global
	GlobalSection(SolutionConfigurationPlatforms) = preSolution
		Debug|Any CPU = Debug|Any CPU
		Release|Any CPU = Release|Any CPU
	EndGlobalSection
	GlobalSection(ProjectConfigurationPlatforms) = postSolution
		{35CCE245-7F39-4DC7-9296-17F8ABB428F9}.Debug|Any CPU.ActiveCfg = Debug|Any CPU
		{35CCE245-7F39-4DC7-9296-17F8ABB428F9}.Debug|Any CPU.Build.0 = Debug|Any CPU
		{35CCE245-7F39-4DC7-9296-17F8ABB428F9}.Release|Any CPU.ActiveCfg = Release|Any CPU
		{35CCE245-7F39-4DC7-9296-17F8ABB428F9}.Release|Any CPU.Build.0 = Release|Any CPU
		{4A7DA0EA-9408-4DAA-BCB6-8D9CCCAF9E27}.Debug|Any CPU.ActiveCfg = Debug|Any CPU
		{4A7DA0EA-9408-4DAA-BCB6-8D9CCCAF9E27}.Debug|Any CPU.Build.0 = Debug|Any CPU
		{4A7DA0EA-9408-4DAA-BCB6-8D9CCCAF9E27}.Release|Any CPU.ActiveCfg = Release|Any CPU
		{4A7DA0EA-9408-4DAA-BCB6-8D9CCCAF9E27}.Release|Any CPU.Build.0 = Release|Any CPU
	EndGlobalSection
	GlobalSection(MonoDevelopProperties) = preSolution
		StartupItem = SamplePaypalSdkDroid\SamplePaypalSdkDroid.csproj
	EndGlobalSection
EndGlobal
